
Microsoft Visual Studio Solution File, Format Version 12.00
# Visual Studio 14
VisualStudioVersion = 14.0.23107.0
MinimumVisualStudioVersion = 10.0.40219.1
Project("{2150E333-8FDC-42A3-9474-1A3956D46DE8}") = "创建型模式", "创建型模式", "{FDBA180A-3C1B-4072-B6F9-BE6B3F3B68E8}"
EndProject
Project("{2150E333-8FDC-42A3-9474-1A3956D46DE8}") = "结构型模式", "结构型模式", "{7B59601B-030F-42A3-89D4-864874A8CE12}"
EndProject
Project("{2150E333-8FDC-42A3-9474-1A3956D46DE8}") = "行为型模式", "行为型模式", "{20150174-A1F4-4EE7-B01F-E3889A04C5DE}"
EndProject
Project("{2150E333-8FDC-42A3-9474-1A3956D46DE8}") = "软件设计原则", "软件设计原则", "{47308328-3EAE-4840-9EBD-76C05F232517}"
EndProject
Project("{FAE04EC0-301F-11D3-BF4B-00C04F79EFBC}") = "单一职责原则", "单一职责原则\单一职责原则.csproj", "{7B76CAAD-D431-45E9-8E8D-8FD92017D6F4}"
EndProject
Project("{FAE04EC0-301F-11D3-BF4B-00C04F79EFBC}") = "开闭原则", "开闭原则\开闭原则.csproj", "{15CB1FFA-162B-43F9-928B-DF856517BC23}"
EndProject
Project("{FAE04EC0-301F-11D3-BF4B-00C04F79EFBC}") = "里氏替换原则", "里氏替换原则\里氏替换原则.csproj", "{2E2207D0-726B-42B1-A924-5DDEF229CD00}"
EndProject
Project("{FAE04EC0-301F-11D3-BF4B-00C04F79EFBC}") = "依赖倒置原则", "依赖倒置原则\依赖倒置原则.csproj", "{C7931CC2-D5D1-4DC4-BDC3-AB889CE64CF8}"
EndProject
Project("{FAE04EC0-301F-11D3-BF4B-00C04F79EFBC}") = "接口隔离原则", "接口隔离原则\接口隔离原则.csproj", "{A403BAD7-193C-46DD-BDE9-3E41572E6326}"
EndProject
Project("{FAE04EC0-301F-11D3-BF4B-00C04F79EFBC}") = "迪米特法则", "迪米特法则\迪米特法则.csproj", "{B61AC830-AED1-4C30-81A4-C4427BDD68E4}"
EndProject
Project("{FAE04EC0-301F-11D3-BF4B-00C04F79EFBC}") = "抽象工程模式", "抽象工程模式\抽象工程模式.csproj", "{711E08F4-59BD-4F54-B82B-F477DBFFCA65}"
EndProject
Project("{FAE04EC0-301F-11D3-BF4B-00C04F79EFBC}") = "建造者模式", "建造者模式\建造者模式.csproj", "{4E924209-0798-4541-AD9B-56F06F4304F9}"
EndProject
Project("{FAE04EC0-301F-11D3-BF4B-00C04F79EFBC}") = "工程方法模式", "工程方法模式\工程方法模式.csproj", "{8847136F-7D8C-4ECF-934C-FD174F89D7A5}"
EndProject
Project("{FAE04EC0-301F-11D3-BF4B-00C04F79EFBC}") = "原型模式", "原型模式\原型模式.csproj", "{D24C8F39-F179-4993-BF17-A5D233F257AF}"
EndProject
Project("{FAE04EC0-301F-11D3-BF4B-00C04F79EFBC}") = "单例模式", "单例模式\单例模式.csproj", "{9F96F9C3-D3EA-40AF-AA26-A3BFB34C5C4B}"
EndProject
Project("{FAE04EC0-301F-11D3-BF4B-00C04F79EFBC}") = "适配器模式", "适配器模式\适配器模式.csproj", "{20680D56-E0FB-4B2B-90DA-65906087DB22}"
EndProject
Project("{FAE04EC0-301F-11D3-BF4B-00C04F79EFBC}") = "桥接模式", "桥接模式\桥接模式.csproj", "{08EB4A86-D06D-4F18-AD58-AF687D4A6959}"
EndProject
Project("{FAE04EC0-301F-11D3-BF4B-00C04F79EFBC}") = "组合模式", "组合模式\组合模式.csproj", "{F816C526-2180-4094-ADCC-4C4B8E7082D4}"
EndProject
Project("{FAE04EC0-301F-11D3-BF4B-00C04F79EFBC}") = "装饰者模式", "装饰者模式\装饰者模式.csproj", "{160464F1-6ABB-4426-8948-7472C8229EE8}"
EndProject
Project("{FAE04EC0-301F-11D3-BF4B-00C04F79EFBC}") = "外观模式", "外观模式\外观模式.csproj", "{A58FCC03-5B14-44F3-8EB1-D63407A9265A}"
EndProject
Project("{FAE04EC0-301F-11D3-BF4B-00C04F79EFBC}") = "享元模式", "享元模式\享元模式.csproj", "{F77F4712-C638-4391-8DC7-DB8F54C0F1F9}"
EndProject
Project("{FAE04EC0-301F-11D3-BF4B-00C04F79EFBC}") = "代理模式", "代理模式\代理模式.csproj", "{25B63C6C-D0A6-4FF4-8078-1A580792F566}"
EndProject
Project("{FAE04EC0-301F-11D3-BF4B-00C04F79EFBC}") = "职责链模式", "职责链模式\职责链模式.csproj", "{E962D497-64AA-4BD8-AC49-DF7669987A44}"
EndProject
Project("{FAE04EC0-301F-11D3-BF4B-00C04F79EFBC}") = "命令模式", "命令模式\命令模式.csproj", "{7E1B28CE-5E1C-4A12-A5BC-9ED9CF74B490}"
EndProject
Project("{FAE04EC0-301F-11D3-BF4B-00C04F79EFBC}") = "解释器模式", "解释器模式\解释器模式.csproj", "{14C6DB62-ED79-4678-A90B-5DFCA710AE6D}"
EndProject
Project("{FAE04EC0-301F-11D3-BF4B-00C04F79EFBC}") = "迭代器模式", "迭代器模式\迭代器模式.csproj", "{B1E2779E-760D-4CBD-A9FE-65BF5F6AF74A}"
EndProject
Project("{FAE04EC0-301F-11D3-BF4B-00C04F79EFBC}") = "中介者模式", "中介者模式\中介者模式.csproj", "{92325777-EF0B-453E-851B-C29C14187211}"
EndProject
Project("{FAE04EC0-301F-11D3-BF4B-00C04F79EFBC}") = "备忘录模式", "备忘录模式\备忘录模式.csproj", "{531C66E1-5528-44FE-9B12-E585F9F6F73B}"
EndProject
Project("{FAE04EC0-301F-11D3-BF4B-00C04F79EFBC}") = "观察者模式", "观察者模式\观察者模式.csproj", "{45FA739D-6E6B-470B-AFD7-9FA46CEA8DB0}"
EndProject
Project("{FAE04EC0-301F-11D3-BF4B-00C04F79EFBC}") = "状态模式", "状态模式\状态模式.csproj", "{58843421-00A3-422E-BFE3-9036FF339CD8}"
EndProject
Project("{FAE04EC0-301F-11D3-BF4B-00C04F79EFBC}") = "策略模式", "策略模式\策略模式.csproj", "{86D807E5-9014-4CF2-BCBE-BF1DDFF2C8EF}"
EndProject
Project("{FAE04EC0-301F-11D3-BF4B-00C04F79EFBC}") = "模板方法模式", "模板方法模式\模板方法模式.csproj", "{39B8B677-1336-4481-AA65-9939B0BB05C8}"
EndProject
Project("{FAE04EC0-301F-11D3-BF4B-00C04F79EFBC}") = "访问者模式", "访问者模式\访问者模式.csproj", "{39A4CCAF-E99A-4219-9E19-6978F7470266}"
EndProject
Project("{FAE04EC0-301F-11D3-BF4B-00C04F79EFBC}") = "合成复用原则", "合成复用原则\合成复用原则.csproj", "{20DAD86A-636A-4F7F-9AAE-C01A8DB38FEC}"
EndProject
Global
	GlobalSection(SolutionConfigurationPlatforms) = preSolution
		Debug|Any CPU = Debug|Any CPU
		Release|Any CPU = Release|Any CPU
	EndGlobalSection
	GlobalSection(ProjectConfigurationPlatforms) = postSolution
		{7B76CAAD-D431-45E9-8E8D-8FD92017D6F4}.Debug|Any CPU.ActiveCfg = Debug|Any CPU
		{7B76CAAD-D431-45E9-8E8D-8FD92017D6F4}.Debug|Any CPU.Build.0 = Debug|Any CPU
		{7B76CAAD-D431-45E9-8E8D-8FD92017D6F4}.Release|Any CPU.ActiveCfg = Release|Any CPU
		{7B76CAAD-D431-45E9-8E8D-8FD92017D6F4}.Release|Any CPU.Build.0 = Release|Any CPU
		{15CB1FFA-162B-43F9-928B-DF856517BC23}.Debug|Any CPU.ActiveCfg = Debug|Any CPU
		{15CB1FFA-162B-43F9-928B-DF856517BC23}.Debug|Any CPU.Build.0 = Debug|Any CPU
		{15CB1FFA-162B-43F9-928B-DF856517BC23}.Release|Any CPU.ActiveCfg = Release|Any CPU
		{15CB1FFA-162B-43F9-928B-DF856517BC23}.Release|Any CPU.Build.0 = Release|Any CPU
		{2E2207D0-726B-42B1-A924-5DDEF229CD00}.Debug|Any CPU.ActiveCfg = Debug|Any CPU
		{2E2207D0-726B-42B1-A924-5DDEF229CD00}.Debug|Any CPU.Build.0 = Debug|Any CPU
		{2E2207D0-726B-42B1-A924-5DDEF229CD00}.Release|Any CPU.ActiveCfg = Release|Any CPU
		{2E2207D0-726B-42B1-A924-5DDEF229CD00}.Release|Any CPU.Build.0 = Release|Any CPU
		{C7931CC2-D5D1-4DC4-BDC3-AB889CE64CF8}.Debug|Any CPU.ActiveCfg = Debug|Any CPU
		{C7931CC2-D5D1-4DC4-BDC3-AB889CE64CF8}.Debug|Any CPU.Build.0 = Debug|Any CPU
		{C7931CC2-D5D1-4DC4-BDC3-AB889CE64CF8}.Release|Any CPU.ActiveCfg = Release|Any CPU
		{C7931CC2-D5D1-4DC4-BDC3-AB889CE64CF8}.Release|Any CPU.Build.0 = Release|Any CPU
		{A403BAD7-193C-46DD-BDE9-3E41572E6326}.Debug|Any CPU.ActiveCfg = Debug|Any CPU
		{A403BAD7-193C-46DD-BDE9-3E41572E6326}.Debug|Any CPU.Build.0 = Debug|Any CPU
		{A403BAD7-193C-46DD-BDE9-3E41572E6326}.Release|Any CPU.ActiveCfg = Release|Any CPU
		{A403BAD7-193C-46DD-BDE9-3E41572E6326}.Release|Any CPU.Build.0 = Release|Any CPU
		{B61AC830-AED1-4C30-81A4-C4427BDD68E4}.Debug|Any CPU.ActiveCfg = Debug|Any CPU
		{B61AC830-AED1-4C30-81A4-C4427BDD68E4}.Debug|Any CPU.Build.0 = Debug|Any CPU
		{B61AC830-AED1-4C30-81A4-C4427BDD68E4}.Release|Any CPU.ActiveCfg = Release|Any CPU
		{B61AC830-AED1-4C30-81A4-C4427BDD68E4}.Release|Any CPU.Build.0 = Release|Any CPU
		{711E08F4-59BD-4F54-B82B-F477DBFFCA65}.Debug|Any CPU.ActiveCfg = Debug|Any CPU
		{711E08F4-59BD-4F54-B82B-F477DBFFCA65}.Debug|Any CPU.Build.0 = Debug|Any CPU
		{711E08F4-59BD-4F54-B82B-F477DBFFCA65}.Release|Any CPU.ActiveCfg = Release|Any CPU
		{711E08F4-59BD-4F54-B82B-F477DBFFCA65}.Release|Any CPU.Build.0 = Release|Any CPU
		{4E924209-0798-4541-AD9B-56F06F4304F9}.Debug|Any CPU.ActiveCfg = Debug|Any CPU
		{4E924209-0798-4541-AD9B-56F06F4304F9}.Debug|Any CPU.Build.0 = Debug|Any CPU
		{4E924209-0798-4541-AD9B-56F06F4304F9}.Release|Any CPU.ActiveCfg = Release|Any CPU
		{4E924209-0798-4541-AD9B-56F06F4304F9}.Release|Any CPU.Build.0 = Release|Any CPU
		{8847136F-7D8C-4ECF-934C-FD174F89D7A5}.Debug|Any CPU.ActiveCfg = Debug|Any CPU
		{8847136F-7D8C-4ECF-934C-FD174F89D7A5}.Debug|Any CPU.Build.0 = Debug|Any CPU
		{8847136F-7D8C-4ECF-934C-FD174F89D7A5}.Release|Any CPU.ActiveCfg = Release|Any CPU
		{8847136F-7D8C-4ECF-934C-FD174F89D7A5}.Release|Any CPU.Build.0 = Release|Any CPU
		{D24C8F39-F179-4993-BF17-A5D233F257AF}.Debug|Any CPU.ActiveCfg = Debug|Any CPU
		{D24C8F39-F179-4993-BF17-A5D233F257AF}.Debug|Any CPU.Build.0 = Debug|Any CPU
		{D24C8F39-F179-4993-BF17-A5D233F257AF}.Release|Any CPU.ActiveCfg = Release|Any CPU
		{D24C8F39-F179-4993-BF17-A5D233F257AF}.Release|Any CPU.Build.0 = Release|Any CPU
		{9F96F9C3-D3EA-40AF-AA26-A3BFB34C5C4B}.Debug|Any CPU.ActiveCfg = Debug|Any CPU
		{9F96F9C3-D3EA-40AF-AA26-A3BFB34C5C4B}.Debug|Any CPU.Build.0 = Debug|Any CPU
		{9F96F9C3-D3EA-40AF-AA26-A3BFB34C5C4B}.Release|Any CPU.ActiveCfg = Release|Any CPU
		{9F96F9C3-D3EA-40AF-AA26-A3BFB34C5C4B}.Release|Any CPU.Build.0 = Release|Any CPU
		{20680D56-E0FB-4B2B-90DA-65906087DB22}.Debug|Any CPU.ActiveCfg = Debug|Any CPU
		{20680D56-E0FB-4B2B-90DA-65906087DB22}.Debug|Any CPU.Build.0 = Debug|Any CPU
		{20680D56-E0FB-4B2B-90DA-65906087DB22}.Release|Any CPU.ActiveCfg = Release|Any CPU
		{20680D56-E0FB-4B2B-90DA-65906087DB22}.Release|Any CPU.Build.0 = Release|Any CPU
		{08EB4A86-D06D-4F18-AD58-AF687D4A6959}.Debug|Any CPU.ActiveCfg = Debug|Any CPU
		{08EB4A86-D06D-4F18-AD58-AF687D4A6959}.Debug|Any CPU.Build.0 = Debug|Any CPU
		{08EB4A86-D06D-4F18-AD58-AF687D4A6959}.Release|Any CPU.ActiveCfg = Release|Any CPU
		{08EB4A86-D06D-4F18-AD58-AF687D4A6959}.Release|Any CPU.Build.0 = Release|Any CPU
		{F816C526-2180-4094-ADCC-4C4B8E7082D4}.Debug|Any CPU.ActiveCfg = Debug|Any CPU
		{F816C526-2180-4094-ADCC-4C4B8E7082D4}.Debug|Any CPU.Build.0 = Debug|Any CPU
		{F816C526-2180-4094-ADCC-4C4B8E7082D4}.Release|Any CPU.ActiveCfg = Release|Any CPU
		{F816C526-2180-4094-ADCC-4C4B8E7082D4}.Release|Any CPU.Build.0 = Release|Any CPU
		{160464F1-6ABB-4426-8948-7472C8229EE8}.Debug|Any CPU.ActiveCfg = Debug|Any CPU
		{160464F1-6ABB-4426-8948-7472C8229EE8}.Debug|Any CPU.Build.0 = Debug|Any CPU
		{160464F1-6ABB-4426-8948-7472C8229EE8}.Release|Any CPU.ActiveCfg = Release|Any CPU
		{160464F1-6ABB-4426-8948-7472C8229EE8}.Release|Any CPU.Build.0 = Release|Any CPU
		{A58FCC03-5B14-44F3-8EB1-D63407A9265A}.Debug|Any CPU.ActiveCfg = Debug|Any CPU
		{A58FCC03-5B14-44F3-8EB1-D63407A9265A}.Debug|Any CPU.Build.0 = Debug|Any CPU
		{A58FCC03-5B14-44F3-8EB1-D63407A9265A}.Release|Any CPU.ActiveCfg = Release|Any CPU
		{A58FCC03-5B14-44F3-8EB1-D63407A9265A}.Release|Any CPU.Build.0 = Release|Any CPU
		{F77F4712-C638-4391-8DC7-DB8F54C0F1F9}.Debug|Any CPU.ActiveCfg = Debug|Any CPU
		{F77F4712-C638-4391-8DC7-DB8F54C0F1F9}.Debug|Any CPU.Build.0 = Debug|Any CPU
		{F77F4712-C638-4391-8DC7-DB8F54C0F1F9}.Release|Any CPU.ActiveCfg = Release|Any CPU
		{F77F4712-C638-4391-8DC7-DB8F54C0F1F9}.Release|Any CPU.Build.0 = Release|Any CPU
		{25B63C6C-D0A6-4FF4-8078-1A580792F566}.Debug|Any CPU.ActiveCfg = Debug|Any CPU
		{25B63C6C-D0A6-4FF4-8078-1A580792F566}.Debug|Any CPU.Build.0 = Debug|Any CPU
		{25B63C6C-D0A6-4FF4-8078-1A580792F566}.Release|Any CPU.ActiveCfg = Release|Any CPU
		{25B63C6C-D0A6-4FF4-8078-1A580792F566}.Release|Any CPU.Build.0 = Release|Any CPU
		{E962D497-64AA-4BD8-AC49-DF7669987A44}.Debug|Any CPU.ActiveCfg = Debug|Any CPU
		{E962D497-64AA-4BD8-AC49-DF7669987A44}.Debug|Any CPU.Build.0 = Debug|Any CPU
		{E962D497-64AA-4BD8-AC49-DF7669987A44}.Release|Any CPU.ActiveCfg = Release|Any CPU
		{E962D497-64AA-4BD8-AC49-DF7669987A44}.Release|Any CPU.Build.0 = Release|Any CPU
		{7E1B28CE-5E1C-4A12-A5BC-9ED9CF74B490}.Debug|Any CPU.ActiveCfg = Debug|Any CPU
		{7E1B28CE-5E1C-4A12-A5BC-9ED9CF74B490}.Debug|Any CPU.Build.0 = Debug|Any CPU
		{7E1B28CE-5E1C-4A12-A5BC-9ED9CF74B490}.Release|Any CPU.ActiveCfg = Release|Any CPU
		{7E1B28CE-5E1C-4A12-A5BC-9ED9CF74B490}.Release|Any CPU.Build.0 = Release|Any CPU
		{14C6DB62-ED79-4678-A90B-5DFCA710AE6D}.Debug|Any CPU.ActiveCfg = Debug|Any CPU
		{14C6DB62-ED79-4678-A90B-5DFCA710AE6D}.Debug|Any CPU.Build.0 = Debug|Any CPU
		{14C6DB62-ED79-4678-A90B-5DFCA710AE6D}.Release|Any CPU.ActiveCfg = Release|Any CPU
		{14C6DB62-ED79-4678-A90B-5DFCA710AE6D}.Release|Any CPU.Build.0 = Release|Any CPU
		{B1E2779E-760D-4CBD-A9FE-65BF5F6AF74A}.Debug|Any CPU.ActiveCfg = Debug|Any CPU
		{B1E2779E-760D-4CBD-A9FE-65BF5F6AF74A}.Debug|Any CPU.Build.0 = Debug|Any CPU
		{B1E2779E-760D-4CBD-A9FE-65BF5F6AF74A}.Release|Any CPU.ActiveCfg = Release|Any CPU
		{B1E2779E-760D-4CBD-A9FE-65BF5F6AF74A}.Release|Any CPU.Build.0 = Release|Any CPU
		{92325777-EF0B-453E-851B-C29C14187211}.Debug|Any CPU.ActiveCfg = Debug|Any CPU
		{92325777-EF0B-453E-851B-C29C14187211}.Debug|Any CPU.Build.0 = Debug|Any CPU
		{92325777-EF0B-453E-851B-C29C14187211}.Release|Any CPU.ActiveCfg = Release|Any CPU
		{92325777-EF0B-453E-851B-C29C14187211}.Release|Any CPU.Build.0 = Release|Any CPU
		{531C66E1-5528-44FE-9B12-E585F9F6F73B}.Debug|Any CPU.ActiveCfg = Debug|Any CPU
		{531C66E1-5528-44FE-9B12-E585F9F6F73B}.Debug|Any CPU.Build.0 = Debug|Any CPU
		{531C66E1-5528-44FE-9B12-E585F9F6F73B}.Release|Any CPU.ActiveCfg = Release|Any CPU
		{531C66E1-5528-44FE-9B12-E585F9F6F73B}.Release|Any CPU.Build.0 = Release|Any CPU
		{45FA739D-6E6B-470B-AFD7-9FA46CEA8DB0}.Debug|Any CPU.ActiveCfg = Debug|Any CPU
		{45FA739D-6E6B-470B-AFD7-9FA46CEA8DB0}.Debug|Any CPU.Build.0 = Debug|Any CPU
		{45FA739D-6E6B-470B-AFD7-9FA46CEA8DB0}.Release|Any CPU.ActiveCfg = Release|Any CPU
		{45FA739D-6E6B-470B-AFD7-9FA46CEA8DB0}.Release|Any CPU.Build.0 = Release|Any CPU
		{58843421-00A3-422E-BFE3-9036FF339CD8}.Debug|Any CPU.ActiveCfg = Debug|Any CPU
		{58843421-00A3-422E-BFE3-9036FF339CD8}.Debug|Any CPU.Build.0 = Debug|Any CPU
		{58843421-00A3-422E-BFE3-9036FF339CD8}.Release|Any CPU.ActiveCfg = Release|Any CPU
		{58843421-00A3-422E-BFE3-9036FF339CD8}.Release|Any CPU.Build.0 = Release|Any CPU
		{86D807E5-9014-4CF2-BCBE-BF1DDFF2C8EF}.Debug|Any CPU.ActiveCfg = Debug|Any CPU
		{86D807E5-9014-4CF2-BCBE-BF1DDFF2C8EF}.Debug|Any CPU.Build.0 = Debug|Any CPU
		{86D807E5-9014-4CF2-BCBE-BF1DDFF2C8EF}.Release|Any CPU.ActiveCfg = Release|Any CPU
		{86D807E5-9014-4CF2-BCBE-BF1DDFF2C8EF}.Release|Any CPU.Build.0 = Release|Any CPU
		{39B8B677-1336-4481-AA65-9939B0BB05C8}.Debug|Any CPU.ActiveCfg = Debug|Any CPU
		{39B8B677-1336-4481-AA65-9939B0BB05C8}.Debug|Any CPU.Build.0 = Debug|Any CPU
		{39B8B677-1336-4481-AA65-9939B0BB05C8}.Release|Any CPU.ActiveCfg = Release|Any CPU
		{39B8B677-1336-4481-AA65-9939B0BB05C8}.Release|Any CPU.Build.0 = Release|Any CPU
		{39A4CCAF-E99A-4219-9E19-6978F7470266}.Debug|Any CPU.ActiveCfg = Debug|Any CPU
		{39A4CCAF-E99A-4219-9E19-6978F7470266}.Debug|Any CPU.Build.0 = Debug|Any CPU
		{39A4CCAF-E99A-4219-9E19-6978F7470266}.Release|Any CPU.ActiveCfg = Release|Any CPU
		{39A4CCAF-E99A-4219-9E19-6978F7470266}.Release|Any CPU.Build.0 = Release|Any CPU
		{20DAD86A-636A-4F7F-9AAE-C01A8DB38FEC}.Debug|Any CPU.ActiveCfg = Debug|Any CPU
		{20DAD86A-636A-4F7F-9AAE-C01A8DB38FEC}.Debug|Any CPU.Build.0 = Debug|Any CPU
		{20DAD86A-636A-4F7F-9AAE-C01A8DB38FEC}.Release|Any CPU.ActiveCfg = Release|Any CPU
		{20DAD86A-636A-4F7F-9AAE-C01A8DB38FEC}.Release|Any CPU.Build.0 = Release|Any CPU
	EndGlobalSection
	GlobalSection(SolutionProperties) = preSolution
		HideSolutionNode = FALSE
	EndGlobalSection
	GlobalSection(NestedProjects) = preSolution
		{7B76CAAD-D431-45E9-8E8D-8FD92017D6F4} = {47308328-3EAE-4840-9EBD-76C05F232517}
		{15CB1FFA-162B-43F9-928B-DF856517BC23} = {47308328-3EAE-4840-9EBD-76C05F232517}
		{2E2207D0-726B-42B1-A924-5DDEF229CD00} = {47308328-3EAE-4840-9EBD-76C05F232517}
		{C7931CC2-D5D1-4DC4-BDC3-AB889CE64CF8} = {47308328-3EAE-4840-9EBD-76C05F232517}
		{A403BAD7-193C-46DD-BDE9-3E41572E6326} = {47308328-3EAE-4840-9EBD-76C05F232517}
		{B61AC830-AED1-4C30-81A4-C4427BDD68E4} = {47308328-3EAE-4840-9EBD-76C05F232517}
		{711E08F4-59BD-4F54-B82B-F477DBFFCA65} = {FDBA180A-3C1B-4072-B6F9-BE6B3F3B68E8}
		{4E924209-0798-4541-AD9B-56F06F4304F9} = {FDBA180A-3C1B-4072-B6F9-BE6B3F3B68E8}
		{8847136F-7D8C-4ECF-934C-FD174F89D7A5} = {FDBA180A-3C1B-4072-B6F9-BE6B3F3B68E8}
		{D24C8F39-F179-4993-BF17-A5D233F257AF} = {FDBA180A-3C1B-4072-B6F9-BE6B3F3B68E8}
		{9F96F9C3-D3EA-40AF-AA26-A3BFB34C5C4B} = {FDBA180A-3C1B-4072-B6F9-BE6B3F3B68E8}
		{20680D56-E0FB-4B2B-90DA-65906087DB22} = {7B59601B-030F-42A3-89D4-864874A8CE12}
		{08EB4A86-D06D-4F18-AD58-AF687D4A6959} = {7B59601B-030F-42A3-89D4-864874A8CE12}
		{F816C526-2180-4094-ADCC-4C4B8E7082D4} = {7B59601B-030F-42A3-89D4-864874A8CE12}
		{160464F1-6ABB-4426-8948-7472C8229EE8} = {7B59601B-030F-42A3-89D4-864874A8CE12}
		{A58FCC03-5B14-44F3-8EB1-D63407A9265A} = {7B59601B-030F-42A3-89D4-864874A8CE12}
		{F77F4712-C638-4391-8DC7-DB8F54C0F1F9} = {7B59601B-030F-42A3-89D4-864874A8CE12}
		{25B63C6C-D0A6-4FF4-8078-1A580792F566} = {7B59601B-030F-42A3-89D4-864874A8CE12}
		{E962D497-64AA-4BD8-AC49-DF7669987A44} = {20150174-A1F4-4EE7-B01F-E3889A04C5DE}
		{7E1B28CE-5E1C-4A12-A5BC-9ED9CF74B490} = {20150174-A1F4-4EE7-B01F-E3889A04C5DE}
		{14C6DB62-ED79-4678-A90B-5DFCA710AE6D} = {20150174-A1F4-4EE7-B01F-E3889A04C5DE}
		{B1E2779E-760D-4CBD-A9FE-65BF5F6AF74A} = {20150174-A1F4-4EE7-B01F-E3889A04C5DE}
		{92325777-EF0B-453E-851B-C29C14187211} = {20150174-A1F4-4EE7-B01F-E3889A04C5DE}
		{531C66E1-5528-44FE-9B12-E585F9F6F73B} = {20150174-A1F4-4EE7-B01F-E3889A04C5DE}
		{45FA739D-6E6B-470B-AFD7-9FA46CEA8DB0} = {20150174-A1F4-4EE7-B01F-E3889A04C5DE}
		{58843421-00A3-422E-BFE3-9036FF339CD8} = {20150174-A1F4-4EE7-B01F-E3889A04C5DE}
		{86D807E5-9014-4CF2-BCBE-BF1DDFF2C8EF} = {20150174-A1F4-4EE7-B01F-E3889A04C5DE}
		{39B8B677-1336-4481-AA65-9939B0BB05C8} = {20150174-A1F4-4EE7-B01F-E3889A04C5DE}
		{39A4CCAF-E99A-4219-9E19-6978F7470266} = {20150174-A1F4-4EE7-B01F-E3889A04C5DE}
		{20DAD86A-636A-4F7F-9AAE-C01A8DB38FEC} = {47308328-3EAE-4840-9EBD-76C05F232517}
	EndGlobalSection
EndGlobal
